	<Project xmlns="http://schemas.microsoft.com/developer/msbuild/2003">
		<PropertyGroup>
			<ProjectGuid>{EF0CC799-5944-438E-B4AF-EB93E4357254}</ProjectGuid>
			<ProjectVersion>12.0</ProjectVersion>
			<MainSource>prjExemploDaoVo.dpr</MainSource>
			<Config Condition="'$(Config)'==''">Debug</Config>
			<DCC_DCCCompiler>DCC32</DCC_DCCCompiler>
		</PropertyGroup>
		<PropertyGroup Condition="'$(Config)'=='Base' or '$(Base)'!=''">
			<Base>true</Base>
		</PropertyGroup>
		<PropertyGroup Condition="'$(Config)'=='Release' or '$(Cfg_1)'!=''">
			<Cfg_1>true</Cfg_1>
			<CfgParent>Base</CfgParent>
			<Base>true</Base>
		</PropertyGroup>
		<PropertyGroup Condition="'$(Config)'=='Debug' or '$(Cfg_2)'!=''">
			<Cfg_2>true</Cfg_2>
			<CfgParent>Base</CfgParent>
			<Base>true</Base>
		</PropertyGroup>
		<PropertyGroup Condition="'$(Base)'!=''">
			<DCC_UnitAlias>WinTypes=Windows;WinProcs=Windows;DbiTypes=BDE;DbiProcs=BDE;DbiErrs=BDE;$(DCC_UnitAlias)</DCC_UnitAlias>
			<DCC_DependencyCheckOutputName>prjExemploDaoVo.exe</DCC_DependencyCheckOutputName>
			<DCC_ImageBase>00400000</DCC_ImageBase>
			<DCC_Platform>x86</DCC_Platform>
		</PropertyGroup>
		<PropertyGroup Condition="'$(Cfg_1)'!=''">
			<DCC_LocalDebugSymbols>false</DCC_LocalDebugSymbols>
			<DCC_Define>RELEASE;$(DCC_Define)</DCC_Define>
			<DCC_SymbolReferenceInfo>0</DCC_SymbolReferenceInfo>
			<DCC_DebugInformation>false</DCC_DebugInformation>
		</PropertyGroup>
		<PropertyGroup Condition="'$(Cfg_2)'!=''">
			<DCC_Define>DEBUG;$(DCC_Define)</DCC_Define>
		</PropertyGroup>
		<ItemGroup>
			<DelphiCompile Include="prjExemploDaoVo.dpr">
				<MainSource>MainSource</MainSource>
			</DelphiCompile>
			<DCCReference Include="DaoAlunos.pas"/>
			<DCCReference Include="DaoBase.pas"/>
			<DCCReference Include="ProjetoExemploDaoVo.pas">
				<Form>frmCadastroAlunos</Form>
			</DCCReference>
			<DCCReference Include="VoAlunos.pas"/>
			<DCCReference Include="VoBase.pas"/>
			<BuildConfiguration Include="Base">
				<Key>Base</Key>
			</BuildConfiguration>
			<BuildConfiguration Include="Debug">
				<Key>Cfg_2</Key>
				<CfgParent>Base</CfgParent>
			</BuildConfiguration>
			<BuildConfiguration Include="Release">
				<Key>Cfg_1</Key>
				<CfgParent>Base</CfgParent>
			</BuildConfiguration>
		</ItemGroup>
		<Import Project="$(BDS)\Bin\CodeGear.Delphi.Targets" Condition="Exists('$(BDS)\Bin\CodeGear.Delphi.Targets')"/>
		<ProjectExtensions>
			<Borland.Personality>Delphi.Personality.12</Borland.Personality>
			<Borland.ProjectType/>
			<BorlandProject>
				<Delphi.Personality>
					<Source>
						<Source Name="MainSource">prjExemploDaoVo.dpr</Source>
					</Source>
					<Parameters>
						<Parameters Name="UseLauncher">False</Parameters>
						<Parameters Name="LoadAllSymbols">True</Parameters>
						<Parameters Name="LoadUnspecifiedSymbols">False</Parameters>
					</Parameters>
					<VersionInfo>
						<VersionInfo Name="IncludeVerInfo">False</VersionInfo>
						<VersionInfo Name="AutoIncBuild">False</VersionInfo>
						<VersionInfo Name="MajorVer">1</VersionInfo>
						<VersionInfo Name="MinorVer">0</VersionInfo>
						<VersionInfo Name="Release">0</VersionInfo>
						<VersionInfo Name="Build">0</VersionInfo>
						<VersionInfo Name="Debug">False</VersionInfo>
						<VersionInfo Name="PreRelease">False</VersionInfo>
						<VersionInfo Name="Special">False</VersionInfo>
						<VersionInfo Name="Private">False</VersionInfo>
						<VersionInfo Name="DLL">False</VersionInfo>
						<VersionInfo Name="Locale">1046</VersionInfo>
						<VersionInfo Name="CodePage">1252</VersionInfo>
					</VersionInfo>
					<VersionInfoKeys>
						<VersionInfoKeys Name="CompanyName"/>
						<VersionInfoKeys Name="FileDescription"/>
						<VersionInfoKeys Name="FileVersion">1.0.0.0</VersionInfoKeys>
						<VersionInfoKeys Name="InternalName"/>
						<VersionInfoKeys Name="LegalCopyright"/>
						<VersionInfoKeys Name="LegalTrademarks"/>
						<VersionInfoKeys Name="OriginalFilename"/>
						<VersionInfoKeys Name="ProductName"/>
						<VersionInfoKeys Name="ProductVersion">1.0.0.0</VersionInfoKeys>
						<VersionInfoKeys Name="Comments"/>
					</VersionInfoKeys>
					<Excluded_Packages>
						<Excluded_Packages Name="C:\Desenvolvimento\Componentes\ACBR\trunk\Lib\Delphi\LibD14\ACBrSerial.bpl">File C:\Desenvolvimento\Componentes\ACBR\trunk\Lib\Delphi\LibD14\ACBrSerial.bpl not found</Excluded_Packages>
						<Excluded_Packages Name="C:\Desenvolvimento\Componentes\ACBR\trunk\Lib\Delphi\LibD14\ACBrTCP.bpl">File C:\Desenvolvimento\Componentes\ACBR\trunk\Lib\Delphi\LibD14\ACBrTCP.bpl not found</Excluded_Packages>
						<Excluded_Packages Name="C:\Desenvolvimento\Componentes\ACBR\trunk\Lib\Delphi\LibD14\ACBr_TEFD.bpl">File C:\Desenvolvimento\Componentes\ACBR\trunk\Lib\Delphi\LibD14\ACBr_TEFD.bpl not found</Excluded_Packages>
						<Excluded_Packages Name="C:\Desenvolvimento\Componentes\ACBR\trunk\Lib\Delphi\LibD14\ACBr_Boleto.bpl">File C:\Desenvolvimento\Componentes\ACBR\trunk\Lib\Delphi\LibD14\ACBr_Boleto.bpl not found</Excluded_Packages>
						<Excluded_Packages Name="C:\Desenvolvimento\Componentes\ACBR\trunk\Lib\Delphi\LibD14\ACBr_Sintegra.bpl">File C:\Desenvolvimento\Componentes\ACBR\trunk\Lib\Delphi\LibD14\ACBr_Sintegra.bpl not found</Excluded_Packages>
						<Excluded_Packages Name="C:\Desenvolvimento\Componentes\ACBR\trunk\Lib\Delphi\LibD14\ACBr_SPED.bpl">File C:\Desenvolvimento\Componentes\ACBR\trunk\Lib\Delphi\LibD14\ACBr_SPED.bpl not found</Excluded_Packages>
						<Excluded_Packages Name="C:\Desenvolvimento\Componentes\ACBR\trunk\Lib\Delphi\LibD14\ACBr_PAF.bpl">File C:\Desenvolvimento\Componentes\ACBR\trunk\Lib\Delphi\LibD14\ACBr_PAF.bpl not found</Excluded_Packages>
						<Excluded_Packages Name="C:\Desenvolvimento\Componentes\ACBR\trunk\Lib\Delphi\LibD14\ACBr_NFe2.bpl">File C:\Desenvolvimento\Componentes\ACBR\trunk\Lib\Delphi\LibD14\ACBr_NFe2.bpl not found</Excluded_Packages>
						<Excluded_Packages Name="C:\Desenvolvimento\Componentes\ACBR\trunk\Lib\Delphi\LibD14\ACBr_CTe.bpl">File C:\Desenvolvimento\Componentes\ACBR\trunk\Lib\Delphi\LibD14\ACBr_CTe.bpl not found</Excluded_Packages>
						<Excluded_Packages Name="C:\Desenvolvimento\Componentes\ACBR\trunk\Lib\Delphi\LibD14\ACBr_MDFe.bpl">File C:\Desenvolvimento\Componentes\ACBR\trunk\Lib\Delphi\LibD14\ACBr_MDFe.bpl not found</Excluded_Packages>
						<Excluded_Packages Name="C:\Desenvolvimento\Componentes\ACBR\trunk\Lib\Delphi\LibD14\ACBr_GNRE.bpl">File C:\Desenvolvimento\Componentes\ACBR\trunk\Lib\Delphi\LibD14\ACBr_GNRE.bpl not found</Excluded_Packages>
						<Excluded_Packages Name="C:\Desenvolvimento\Componentes\ACBR\trunk\Lib\Delphi\LibD14\ACBr_Convenio115.bpl">File C:\Desenvolvimento\Componentes\ACBR\trunk\Lib\Delphi\LibD14\ACBr_Convenio115.bpl not found</Excluded_Packages>
						<Excluded_Packages Name="C:\Desenvolvimento\Componentes\ACBR\trunk\Lib\Delphi\LibD14\ACBr_SEF2.bpl">File C:\Desenvolvimento\Componentes\ACBR\trunk\Lib\Delphi\LibD14\ACBr_SEF2.bpl not found</Excluded_Packages>
						<Excluded_Packages Name="C:\Desenvolvimento\Componentes\ACBR\trunk\Lib\Delphi\LibD14\ACBr_SAT.bpl">File C:\Desenvolvimento\Componentes\ACBR\trunk\Lib\Delphi\LibD14\ACBr_SAT.bpl not found</Excluded_Packages>
						<Excluded_Packages Name="C:\Desenvolvimento\Componentes\ACBR\trunk\Lib\Delphi\LibD14\ACBrNFeDanfeESCPOS.bpl">File C:\Desenvolvimento\Componentes\ACBR\trunk\Lib\Delphi\LibD14\ACBrNFeDanfeESCPOS.bpl not found</Excluded_Packages>
						<Excluded_Packages Name="C:\Desenvolvimento\Componentes\ACBR\trunk\Lib\Delphi\LibD14\ACBr_SAT_Extrato_ESCPOS.bpl">File C:\Desenvolvimento\Componentes\ACBR\trunk\Lib\Delphi\LibD14\ACBr_SAT_Extrato_ESCPOS.bpl not found</Excluded_Packages>
						<Excluded_Packages Name="C:\Desenvolvimento\Componentes\ACBR\trunk\Lib\Delphi\LibD14\ACBr_LFD.bpl">File C:\Desenvolvimento\Componentes\ACBR\trunk\Lib\Delphi\LibD14\ACBr_LFD.bpl not found</Excluded_Packages>
						<Excluded_Packages Name="C:\Desenvolvimento\Componentes\ACBR\trunk\Lib\Delphi\LibD14\ACBrNFeDanfeQRpkg.bpl">File C:\Desenvolvimento\Componentes\ACBR\trunk\Lib\Delphi\LibD14\ACBrNFeDanfeQRpkg.bpl not found</Excluded_Packages>
						<Excluded_Packages Name="C:\Desenvolvimento\Componentes\ACBR\trunk\Lib\Delphi\LibD14\ACBrCTeDacteQRpkg.bpl">File C:\Desenvolvimento\Componentes\ACBR\trunk\Lib\Delphi\LibD14\ACBrCTeDacteQRpkg.bpl not found</Excluded_Packages>
						<Excluded_Packages Name="C:\Desenvolvimento\Componentes\ACBR\trunk\Lib\Delphi\LibD14\ACBrNFSeDanfseQRpkg.bpl">File C:\Desenvolvimento\Componentes\ACBR\trunk\Lib\Delphi\LibD14\ACBrNFSeDanfseQRpkg.bpl not found</Excluded_Packages>
						<Excluded_Packages Name="C:\Desenvolvimento\Componentes\ACBR\trunk\Lib\Delphi\LibD14\ACBr_BoletoFC_Quick.bpl">File C:\Desenvolvimento\Componentes\ACBR\trunk\Lib\Delphi\LibD14\ACBr_BoletoFC_Quick.bpl not found</Excluded_Packages>
						<Excluded_Packages Name="C:\Desenvolvimento\Componentes\ACBR\trunk\Lib\Delphi\LibD14\ACBrMDFeDAMDFEQRpkg.bpl">File C:\Desenvolvimento\Componentes\ACBR\trunk\Lib\Delphi\LibD14\ACBrMDFeDAMDFEQRpkg.bpl not found</Excluded_Packages>
						<Excluded_Packages Name="C:\Desenvolvimento\Componentes\ACBR\trunk\Lib\Delphi\LibD14\ACBr_SPED_Importar.bpl">File C:\Desenvolvimento\Componentes\ACBR\trunk\Lib\Delphi\LibD14\ACBr_SPED_Importar.bpl not found</Excluded_Packages>
						<Excluded_Packages Name="$(BDS)\bin\bcboffice2k140.bpl">Embarcadero C++Builder Office 2000 Servers Package</Excluded_Packages>
						<Excluded_Packages Name="$(BDS)\bin\bcbofficexp140.bpl">Embarcadero C++Builder Office XP Servers Package</Excluded_Packages>
						<Excluded_Packages Name="$(BDS)\bin\dcloffice2k140.bpl">Microsoft Office 2000 Sample Automation Server Wrapper Components</Excluded_Packages>
						<Excluded_Packages Name="$(BDS)\bin\dclofficexp140.bpl">Microsoft Office XP Sample Automation Server Wrapper Components</Excluded_Packages>
					</Excluded_Packages>
				</Delphi.Personality>
			</BorlandProject>
			<ProjectFileVersion>12</ProjectFileVersion>
		</ProjectExtensions>
	</Project>
